
Microsoft Visual Studio Solution File, Format Version 12.00
# Visual Studio 15
Project("{FAE04EC0-301F-11D3-BF4B-00C04F79EFBC}") = "Assembly-CSharp", "Assembly-CSharp.csproj", "{B6034C51-58D3-398A-7E52-E0037837FA73}"
EndProject
Project("{FAE04EC0-301F-11D3-BF4B-00C04F79EFBC}") = "Assembly-CSharp-Editor", "Assembly-CSharp-Editor.csproj", "{917A9BFE-C126-F4E7-E056-235D95940C8C}"
EndProject
Global
	GlobalSection(SolutionConfigurationPlatforms) = preSolution
		Debug|Any CPU = Debug|Any CPU
		Release|Any CPU = Release|Any CPU
	EndGlobalSection
	GlobalSection(ProjectConfigurationPlatforms) = postSolution
		{B6034C51-58D3-398A-7E52-E0037837FA73}.Debug|Any CPU.ActiveCfg = Debug|Any CPU
		{B6034C51-58D3-398A-7E52-E0037837FA73}.Debug|Any CPU.Build.0 = Debug|Any CPU
		{B6034C51-58D3-398A-7E52-E0037837FA73}.Release|Any CPU.ActiveCfg = Release|Any CPU
		{B6034C51-58D3-398A-7E52-E0037837FA73}.Release|Any CPU.Build.0 = Release|Any CPU
		{917A9BFE-C126-F4E7-E056-235D95940C8C}.Debug|Any CPU.ActiveCfg = Debug|Any CPU
		{917A9BFE-C126-F4E7-E056-235D95940C8C}.Debug|Any CPU.Build.0 = Debug|Any CPU
		{917A9BFE-C126-F4E7-E056-235D95940C8C}.Release|Any CPU.ActiveCfg = Release|Any CPU
		{917A9BFE-C126-F4E7-E056-235D95940C8C}.Release|Any CPU.Build.0 = Release|Any CPU
	EndGlobalSection
	GlobalSection(SolutionProperties) = preSolution
		HideSolutionNode = FALSE
	EndGlobalSection
EndGlobal
